
Microsoft Visual Studio Solution File, Format Version 12.00
# Visual Studio Version 17
VisualStudioVersion = 17.6.33723.286
MinimumVisualStudioVersion = 10.0.40219.1
Project("{FAE04EC0-301F-11D3-BF4B-00C04F79EFBC}") = "TupinikimAppleCrud", "TupinikimAppleCrud\TupinikimAppleCrud.csproj", "{32BDD8C9-3821-4141-9752-FF24F48AB043}"
EndProject
Global
	GlobalSection(SolutionConfigurationPlatforms) = preSolution
		Debug|Any CPU = Debug|Any CPU
		Release|Any CPU = Release|Any CPU
	EndGlobalSection
	GlobalSection(ProjectConfigurationPlatforms) = postSolution
		{32BDD8C9-3821-4141-9752-FF24F48AB043}.Debug|Any CPU.ActiveCfg = Debug|Any CPU
		{32BDD8C9-3821-4141-9752-FF24F48AB043}.Debug|Any CPU.Build.0 = Debug|Any CPU
		{32BDD8C9-3821-4141-9752-FF24F48AB043}.Release|Any CPU.ActiveCfg = Release|Any CPU
		{32BDD8C9-3821-4141-9752-FF24F48AB043}.Release|Any CPU.Build.0 = Release|Any CPU
	EndGlobalSection
	GlobalSection(SolutionProperties) = preSolution
		HideSolutionNode = FALSE
	EndGlobalSection
	GlobalSection(ExtensibilityGlobals) = postSolution
		SolutionGuid = {E341E971-651F-4B78-ADCB-0B8FE428708F}
	EndGlobalSection
EndGlobal
